// !$*UTF8*$!
{
	archiveVersion = 1;
	classes = {
	};
	objectVersion = 56;
	objects = {

/* Begin PBXBuildFile section */
		6978E6B22C180A7100616BF2 /* PrivacyInfo.xcprivacy in Resources */ = {isa = PBXBuildFile; fileRef = 6978E6B12C180A7100616BF2 /* PrivacyInfo.xcprivacy */; };
		69C09BFF2C145360004260BF /* Main.storyboard in Resources */ = {isa = PBXBuildFile; fileRef = 69C09BFE2C145360004260BF /* Main.storyboard */; };
		69C09C012C145412004260BF /* HintViewController.swift in Sources */ = {isa = PBXBuildFile; fileRef = 69C09C002C145412004260BF /* HintViewController.swift */; };
		69C0BA2A2C13661200BA0B35 /* ContentView.swift in Sources */ = {isa = PBXBuildFile; fileRef = 69C0BA292C13661200BA0B35 /* ContentView.swift */; };
		69C0BA2C2C13661500BA0B35 /* Assets.xcassets in Resources */ = {isa = PBXBuildFile; fileRef = 69C0BA2B2C13661500BA0B35 /* Assets.xcassets */; };
		69C0BA2F2C13661500BA0B35 /* Preview Assets.xcassets in Resources */ = {isa = PBXBuildFile; fileRef = 69C0BA2E2C13661500BA0B35 /* Preview Assets.xcassets */; };
		69C0BA362C1366B900BA0B35 /* RecognitionView.swift in Sources */ = {isa = PBXBuildFile; fileRef = 69C0BA352C1366B900BA0B35 /* RecognitionView.swift */; };
		69C0BA382C1366DB00BA0B35 /* SuccessView.swift in Sources */ = {isa = PBXBuildFile; fileRef = 69C0BA372C1366DB00BA0B35 /* SuccessView.swift */; };
		69C0BA3A2C1366FC00BA0B35 /* RecognitionViewModel.swift in Sources */ = {isa = PBXBuildFile; fileRef = 69C0BA392C1366FC00BA0B35 /* RecognitionViewModel.swift */; };
		69C0BA3C2C13671600BA0B35 /* WaitingView.swift in Sources */ = {isa = PBXBuildFile; fileRef = 69C0BA3B2C13671600BA0B35 /* WaitingView.swift */; };
		69C0BA3E2C13677100BA0B35 /* AppDelegate.swift in Sources */ = {isa = PBXBuildFile; fileRef = 69C0BA3D2C13677100BA0B35 /* AppDelegate.swift */; };
		69C4C4D42C16AA4B007040A0 /* SceneDelegate.swift in Sources */ = {isa = PBXBuildFile; fileRef = 69C4C4D32C16AA4B007040A0 /* SceneDelegate.swift */; };
/* End PBXBuildFile section */

/* Begin PBXFileReference section */
		6978E6B12C180A7100616BF2 /* PrivacyInfo.xcprivacy */ = {isa = PBXFileReference; fileEncoding = 4; lastKnownFileType = text.xml; path = PrivacyInfo.xcprivacy; sourceTree = "<group>"; };
		69C09BFD2C13F4E8004260BF /* Info.plist */ = {isa = PBXFileReference; lastKnownFileType = text.plist; path = Info.plist; sourceTree = "<group>"; };
		69C09BFE2C145360004260BF /* Main.storyboard */ = {isa = PBXFileReference; lastKnownFileType = file.storyboard; path = Main.storyboard; sourceTree = "<group>"; };
		69C09C002C145412004260BF /* HintViewController.swift */ = {isa = PBXFileReference; lastKnownFileType = sourcecode.swift; path = HintViewController.swift; sourceTree = "<group>"; };
		69C0BA242C13661200BA0B35 /* NewEmotionAlarm.app */ = {isa = PBXFileReference; explicitFileType = wrapper.application; includeInIndex = 0; path = NewEmotionAlarm.app; sourceTree = BUILT_PRODUCTS_DIR; };
		69C0BA292C13661200BA0B35 /* ContentView.swift */ = {isa = PBXFileReference; lastKnownFileType = sourcecode.swift; path = ContentView.swift; sourceTree = "<group>"; };
		69C0BA2B2C13661500BA0B35 /* Assets.xcassets */ = {isa = PBXFileReference; lastKnownFileType = folder.assetcatalog; path = Assets.xcassets; sourceTree = "<group>"; };
		69C0BA2E2C13661500BA0B35 /* Preview Assets.xcassets */ = {isa = PBXFileReference; lastKnownFileType = folder.assetcatalog; path = "Preview Assets.xcassets"; sourceTree = "<group>"; };
		69C0BA352C1366B900BA0B35 /* RecognitionView.swift */ = {isa = PBXFileReference; lastKnownFileType = sourcecode.swift; path = RecognitionView.swift; sourceTree = "<group>"; };
		69C0BA372C1366DB00BA0B35 /* SuccessView.swift */ = {isa = PBXFileReference; lastKnownFileType = sourcecode.swift; path = SuccessView.swift; sourceTree = "<group>"; };
		69C0BA392C1366FC00BA0B35 /* RecognitionViewModel.swift */ = {isa = PBXFileReference; lastKnownFileType = sourcecode.swift; path = RecognitionViewModel.swift; sourceTree = "<group>"; };
		69C0BA3B2C13671600BA0B35 /* WaitingView.swift */ = {isa = PBXFileReference; lastKnownFileType = sourcecode.swift; path = WaitingView.swift; sourceTree = "<group>"; };
		69C0BA3D2C13677100BA0B35 /* AppDelegate.swift */ = {isa = PBXFileReference; lastKnownFileType = sourcecode.swift; path = AppDelegate.swift; sourceTree = "<group>"; };
		69C4C4D32C16AA4B007040A0 /* SceneDelegate.swift */ = {isa = PBXFileReference; lastKnownFileType = sourcecode.swift; path = SceneDelegate.swift; sourceTree = "<group>"; };
/* End PBXFileReference section */

/* Begin PBXFrameworksBuildPhase section */
		69C0BA212C13661200BA0B35 /* Frameworks */ = {
			isa = PBXFrameworksBuildPhase;
			buildActionMask = 2147483647;
			files = (
			);
			runOnlyForDeploymentPostprocessing = 0;
		};
/* End PBXFrameworksBuildPhase section */

/* Begin PBXGroup section */
		69C0BA1B2C13661200BA0B35 = {
			isa = PBXGroup;
			children = (
				69C0BA262C13661200BA0B35 /* NewEmotionAlarm */,
				69C0BA252C13661200BA0B35 /* Products */,
			);
			sourceTree = "<group>";
		};
		69C0BA252C13661200BA0B35 /* Products */ = {
			isa = PBXGroup;
			children = (
				69C0BA242C13661200BA0B35 /* NewEmotionAlarm.app */,
			);
			name = Products;
			sourceTree = "<group>";
		};
		69C0BA262C13661200BA0B35 /* NewEmotionAlarm */ = {
			isa = PBXGroup;
			children = (
				69C09BFD2C13F4E8004260BF /* Info.plist */,
				69C0BA292C13661200BA0B35 /* ContentView.swift */,
				69C0BA352C1366B900BA0B35 /* RecognitionView.swift */,
				69C0BA3D2C13677100BA0B35 /* AppDelegate.swift */,
				69C09C002C145412004260BF /* HintViewController.swift */,
				69C0BA3B2C13671600BA0B35 /* WaitingView.swift */,
				69C09BFE2C145360004260BF /* Main.storyboard */,
				69C4C4D32C16AA4B007040A0 /* SceneDelegate.swift */,
				69C0BA372C1366DB00BA0B35 /* SuccessView.swift */,
				69C0BA392C1366FC00BA0B35 /* RecognitionViewModel.swift */,
				69C0BA2B2C13661500BA0B35 /* Assets.xcassets */,
				6978E6B12C180A7100616BF2 /* PrivacyInfo.xcprivacy */,
				69C0BA2D2C13661500BA0B35 /* Preview Content */,
			);
			path = NewEmotionAlarm;
			sourceTree = "<group>";
		};
		69C0BA2D2C13661500BA0B35 /* Preview Content */ = {
			isa = PBXGroup;
			children = (
				69C0BA2E2C13661500BA0B35 /* Preview Assets.xcassets */,
			);
			path = "Preview Content";
			sourceTree = "<group>";
		};
/* End PBXGroup section */

/* Begin PBXNativeTarget section */
		69C0BA232C13661200BA0B35 /* NewEmotionAlarm */ = {
			isa = PBXNativeTarget;
			buildConfigurationList = 69C0BA322C13661500BA0B35 /* Build configuration list for PBXNativeTarget "NewEmotionAlarm" */;
			buildPhases = (
				69C0BA202C13661200BA0B35 /* Sources */,
				69C0BA212C13661200BA0B35 /* Frameworks */,
				69C0BA222C13661200BA0B35 /* Resources */,
			);
			buildRules = (
			);
			dependencies = (
			);
			name = NewEmotionAlarm;
			productName = NewEmotionAlarm;
			productReference = 69C0BA242C13661200BA0B35 /* NewEmotionAlarm.app */;
			productType = "com.apple.product-type.application";
		};
/* End PBXNativeTarget section */

/* Begin PBXProject section */
		69C0BA1C2C13661200BA0B35 /* Project object */ = {
			isa = PBXProject;
			attributes = {
				BuildIndependentTargetsInParallel = 1;
				LastSwiftUpdateCheck = 1530;
				LastUpgradeCheck = 1530;
				TargetAttributes = {
					69C0BA232C13661200BA0B35 = {
						CreatedOnToolsVersion = 15.3;
					};
				};
			};
			buildConfigurationList = 69C0BA1F2C13661200BA0B35 /* Build configuration list for PBXProject "NewEmotionAlarm" */;
			compatibilityVersion = "Xcode 14.0";
			developmentRegion = en;
			hasScannedForEncodings = 0;
			knownRegions = (
				en,
				Base,
			);
			mainGroup = 69C0BA1B2C13661200BA0B35;
			productRefGroup = 69C0BA252C13661200BA0B35 /* Products */;
			projectDirPath = "";
			projectRoot = "";
			targets = (
				69C0BA232C13661200BA0B35 /* NewEmotionAlarm */,
			);
		};
/* End PBXProject section */

/* Begin PBXResourcesBuildPhase section */
		69C0BA222C13661200BA0B35 /* Resources */ = {
			isa = PBXResourcesBuildPhase;
			buildActionMask = 2147483647;
			files = (
				69C09BFF2C145360004260BF /* Main.storyboard in Resources */,
				69C0BA2F2C13661500BA0B35 /* Preview Assets.xcassets in Resources */,
				6978E6B22C180A7100616BF2 /* PrivacyInfo.xcprivacy in Resources */,
				69C0BA2C2C13661500BA0B35 /* Assets.xcassets in Resources */,
			);
			runOnlyForDeploymentPostprocessing = 0;
		};
/* End PBXResourcesBuildPhase section */

/* Begin PBXSourcesBuildPhase section */
		69C0BA202C13661200BA0B35 /* Sources */ = {
			isa = PBXSourcesBuildPhase;
			buildActionMask = 2147483647;
			files = (
				69C0BA382C1366DB00BA0B35 /* SuccessView.swift in Sources */,
				69C0BA2A2C13661200BA0B35 /* ContentView.swift in Sources */,
				69C09C012C145412004260BF /* HintViewController.swift in Sources */,
				69C0BA3C2C13671600BA0B35 /* WaitingView.swift in Sources */,
				69C0BA3E2C13677100BA0B35 /* AppDelegate.swift in Sources */,
				69C0BA362C1366B900BA0B35 /* RecognitionView.swift in Sources */,
				69C0BA3A2C1366FC00BA0B35 /* RecognitionViewModel.swift in Sources */,
				69C4C4D42C16AA4B007040A0 /* SceneDelegate.swift in Sources */,
			);
			runOnlyForDeploymentPostprocessing = 0;
		};
/* End PBXSourcesBuildPhase section */

/* Begin XCBuildConfiguration section */
		69C0BA302C13661500BA0B35 /* Debug */ = {
			isa = XCBuildConfiguration;
			buildSettings = {
				ALWAYS_SEARCH_USER_PATHS = NO;
				ASSETCATALOG_COMPILER_GENERATE_SWIFT_ASSET_SYMBOL_EXTENSIONS = YES;
				CLANG_ANALYZER_NONNULL = YES;
				CLANG_ANALYZER_NUMBER_OBJECT_CONVERSION = YES_AGGRESSIVE;
				CLANG_CXX_LANGUAGE_STANDARD = "gnu++20";
				CLANG_ENABLE_MODULES = YES;
				CLANG_ENABLE_OBJC_ARC = YES;
				CLANG_ENABLE_OBJC_WEAK = YES;
				CLANG_WARN_BLOCK_CAPTURE_AUTORELEASING = YES;
				CLANG_WARN_BOOL_CONVERSION = YES;
				CLANG_WARN_COMMA = YES;
				CLANG_WARN_CONSTANT_CONVERSION = YES;
				CLANG_WARN_DEPRECATED_OBJC_IMPLEMENTATIONS = YES;
				CLANG_WARN_DIRECT_OBJC_ISA_USAGE = YES_ERROR;
				CLANG_WARN_DOCUMENTATION_COMMENTS = YES;
				CLANG_WARN_EMPTY_BODY = YES;
				CLANG_WARN_ENUM_CONVERSION = YES;
				CLANG_WARN_INFINITE_RECURSION = YES;
				CLANG_WARN_INT_CONVERSION = YES;
				CLANG_WARN_NON_LITERAL_NULL_CONVERSION = YES;
				CLANG_WARN_OBJC_IMPLICIT_RETAIN_SELF = YES;
				CLANG_WARN_OBJC_LITERAL_CONVERSION = YES;
				CLANG_WARN_OBJC_ROOT_CLASS = YES_ERROR;
				CLANG_WARN_QUOTED_INCLUDE_IN_FRAMEWORK_HEADER = YES;
				CLANG_WARN_RANGE_LOOP_ANALYSIS = YES;
				CLANG_WARN_STRICT_PROTOTYPES = YES;
				CLANG_WARN_SUSPICIOUS_MOVE = YES;
				CLANG_WARN_UNGUARDED_AVAILABILITY = YES_AGGRESSIVE;
				CLANG_WARN_UNREACHABLE_CODE = YES;
				CLANG_WARN__DUPLICATE_METHOD_MATCH = YES;
				COPY_PHASE_STRIP = NO;
				DEBUG_INFORMATION_FORMAT = dwarf;
				ENABLE_STRICT_OBJC_MSGSEND = YES;
				ENABLE_TESTABILITY = YES;
				ENABLE_USER_SCRIPT_SANDBOXING = YES;
				GCC_C_LANGUAGE_STANDARD = gnu17;
				GCC_DYNAMIC_NO_PIC = NO;
				GCC_NO_COMMON_BLOCKS = YES;
				GCC_OPTIMIZATION_LEVEL = 0;
				GCC_PREPROCESSOR_DEFINITIONS = (
					"DEBUG=1",
					"$(inherited)",
				);
				GCC_WARN_64_TO_32_BIT_CONVERSION = YES;
				GCC_WARN_ABOUT_RETURN_TYPE = YES_ERROR;
				GCC_WARN_UNDECLARED_SELECTOR = YES;
				GCC_WARN_UNINITIALIZED_AUTOS = YES_AGGRESSIVE;
				GCC_WARN_UNUSED_FUNCTION = YES;
				GCC_WARN_UNUSED_VARIABLE = YES;
				IPHONEOS_DEPLOYMENT_TARGET = 17.4;
				LOCALIZATION_PREFERS_STRING_CATALOGS = YES;
				MTL_ENABLE_DEBUG_INFO = INCLUDE_SOURCE;
				MTL_FAST_MATH = YES;
				ONLY_ACTIVE_ARCH = YES;
				SDKROOT = iphoneos;
				SWIFT_ACTIVE_COMPILATION_CONDITIONS = "DEBUG $(inherited)";
				SWIFT_OPTIMIZATION_LEVEL = "-Onone";
			};
			name = Debug;
		};
		69C0BA312C13661500BA0B35 /* Release */ = {
			isa = XCBuildConfiguration;
			buildSettings = {
				ALWAYS_SEARCH_USER_PATHS = NO;
				ASSETCATALOG_COMPILER_GENERATE_SWIFT_ASSET_SYMBOL_EXTENSIONS = YES;
				CLANG_ANALYZER_NONNULL = YES;
				CLANG_ANALYZER_NUMBER_OBJECT_CONVERSION = YES_AGGRESSIVE;
				CLANG_CXX_LANGUAGE_STANDARD = "gnu++20";
				CLANG_ENABLE_MODULES = YES;
				CLANG_ENABLE_OBJC_ARC = YES;
				CLANG_ENABLE_OBJC_WEAK = YES;
				CLANG_WARN_BLOCK_CAPTURE_AUTORELEASING = YES;
				CLANG_WARN_BOOL_CONVERSION = YES;
				CLANG_WARN_COMMA = YES;
				CLANG_WARN_CONSTANT_CONVERSION = YES;
				CLANG_WARN_DEPRECATED_OBJC_IMPLEMENTATIONS = YES;
				CLANG_WARN_DIRECT_OBJC_ISA_USAGE = YES_ERROR;
				CLANG_WARN_DOCUMENTATION_COMMENTS = YES;
				CLANG_WARN_EMPTY_BODY = YES;
				CLANG_WARN_ENUM_CONVERSION = YES;
				CLANG_WARN_INFINITE_RECURSION = YES;
				CLANG_WARN_INT_CONVERSION = YES;
				CLANG_WARN_NON_LITERAL_NULL_CONVERSION = YES;
				CLANG_WARN_OBJC_IMPLICIT_RETAIN_SELF = YES;
				CLANG_WARN_OBJC_LITERAL_CONVERSION = YES;
				CLANG_WARN_OBJC_ROOT_CLASS = YES_ERROR;
				CLANG_WARN_QUOTED_INCLUDE_IN_FRAMEWORK_HEADER = YES;
				CLANG_WARN_RANGE_LOOP_ANALYSIS = YES;
				CLANG_WARN_STRICT_PROTOTYPES = YES;
				CLANG_WARN_SUSPICIOUS_MOVE = YES;
				CLANG_WARN_UNGUARDED_AVAILABILITY = YES_AGGRESSIVE;
				CLANG_WARN_UNREACHABLE_CODE = YES;
				CLANG_WARN__DUPLICATE_METHOD_MATCH = YES;
				COPY_PHASE_STRIP = NO;
				DEBUG_INFORMATION_FORMAT = "dwarf-with-dsym";
				ENABLE_NS_ASSERTIONS = NO;
				ENABLE_STRICT_OBJC_MSGSEND = YES;
				ENABLE_USER_SCRIPT_SANDBOXING = YES;
				GCC_C_LANGUAGE_STANDARD = gnu17;
				GCC_NO_COMMON_BLOCKS = YES;
				GCC_WARN_64_TO_32_BIT_CONVERSION = YES;
				GCC_WARN_ABOUT_RETURN_TYPE = YES_ERROR;
				GCC_WARN_UNDECLARED_SELECTOR = YES;
				GCC_WARN_UNINITIALIZED_AUTOS = YES_AGGRESSIVE;
				GCC_WARN_UNUSED_FUNCTION = YES;
				GCC_WARN_UNUSED_VARIABLE = YES;
				IPHONEOS_DEPLOYMENT_TARGET = 17.4;
				LOCALIZATION_PREFERS_STRING_CATALOGS = YES;
				MTL_ENABLE_DEBUG_INFO = NO;
				MTL_FAST_MATH = YES;
				SDKROOT = iphoneos;
				SWIFT_COMPILATION_MODE = wholemodule;
				VALIDATE_PRODUCT = YES;
			};
			name = Release;
		};
		69C0BA332C13661500BA0B35 /* Debug */ = {
			isa = XCBuildConfiguration;
			buildSettings = {
				ASSETCATALOG_COMPILER_APPICON_NAME = AppIcon;
				ASSETCATALOG_COMPILER_GLOBAL_ACCENT_COLOR_NAME = AccentColor;
				"CODE_SIGN_IDENTITY[sdk=iphoneos*]" = "iPhone Distribution";
				CODE_SIGN_STYLE = Manual;
				CURRENT_PROJECT_VERSION = 1;
				DEVELOPMENT_ASSET_PATHS = "\"NewEmotionAlarm/Preview Content\"";
				DEVELOPMENT_TEAM = "";
				"DEVELOPMENT_TEAM[sdk=iphoneos*]" = 2K446D59RQ;
				ENABLE_PREVIEWS = YES;
				GENERATE_INFOPLIST_FILE = YES;
				INFOPLIST_FILE = NewEmotionAlarm/Info.plist;
				INFOPLIST_KEY_UIApplicationSceneManifest_Generation = YES;
				INFOPLIST_KEY_UIApplicationSupportsIndirectInputEvents = YES;
				INFOPLIST_KEY_UILaunchScreen_Generation = YES;
				INFOPLIST_KEY_UISupportedInterfaceOrientations_iPad = "UIInterfaceOrientationPortrait UIInterfaceOrientationPortraitUpsideDown UIInterfaceOrientationLandscapeLeft UIInterfaceOrientationLandscapeRight";
				INFOPLIST_KEY_UISupportedInterfaceOrientations_iPhone = "UIInterfaceOrientationPortrait UIInterfaceOrientationLandscapeLeft UIInterfaceOrientationLandscapeRight";
				LD_RUNPATH_SEARCH_PATHS = (
					"$(inherited)",
					"@executable_path/Frameworks",
				);
				MARKETING_VERSION = 1.0;
				PRODUCT_BUNDLE_IDENTIFIER = app.Fukano.Fukka.NewEmotionAlarm;
				PRODUCT_NAME = "$(TARGET_NAME)";
				PROVISIONING_PROFILE_SPECIFIER = "";
				"PROVISIONING_PROFILE_SPECIFIER[sdk=iphoneos*]" = "L-16-MasatoFukano-NewEmotionAlarm";
				SWIFT_EMIT_LOC_STRINGS = YES;
				SWIFT_VERSION = 5.0;
				TARGETED_DEVICE_FAMILY = "1,2";
			};
			name = Debug;
		};
		69C0BA342C13661500BA0B35 /* Release */ = {
			isa = XCBuildConfiguration;
			buildSettings = {
				ASSETCATALOG_COMPILER_APPICON_NAME = AppIcon;
				ASSETCATALOG_COMPILER_GLOBAL_ACCENT_COLOR_NAME = AccentColor;
				"CODE_SIGN_IDENTITY[sdk=iphoneos*]" = "iPhone Distribution";
				CODE_SIGN_STYLE = Manual;
				CURRENT_PROJECT_VERSION = 1;
				DEVELOPMENT_ASSET_PATHS = "\"NewEmotionAlarm/Preview Content\"";
				DEVELOPMENT_TEAM = "";
				"DEVELOPMENT_TEAM[sdk=iphoneos*]" = 2K446D59RQ;
				ENABLE_PREVIEWS = YES;
				GENERATE_INFOPLIST_FILE = YES;
				INFOPLIST_FILE = NewEmotionAlarm/Info.plist;
				INFOPLIST_KEY_UIApplicationSceneManifest_Generation = YES;
				INFOPLIST_KEY_UIApplicationSupportsIndirectInputEvents = YES;
				INFOPLIST_KEY_UILaunchScreen_Generation = YES;
				INFOPLIST_KEY_UISupportedInterfaceOrientations_iPad = "UIInterfaceOrientationPortrait UIInterfaceOrientationPortraitUpsideDown UIInterfaceOrientationLandscapeLeft UIInterfaceOrientationLandscapeRight";
				INFOPLIST_KEY_UISupportedInterfaceOrientations_iPhone = "UIInterfaceOrientationPortrait UIInterfaceOrientationLandscapeLeft UIInterfaceOrientationLandscapeRight";
				LD_RUNPATH_SEARCH_PATHS = (
					"$(inherited)",
					"@executable_path/Frameworks",
				);
				MARKETING_VERSION = 1.0;
				PRODUCT_BUNDLE_IDENTIFIER = app.Fukano.Fukka.NewEmotionAlarm;
				PRODUCT_NAME = "$(TARGET_NAME)";
				PROVISIONING_PROFILE_SPECIFIER = "";
				"PROVISIONING_PROFILE_SPECIFIER[sdk=iphoneos*]" = "L-16-MasatoFukano-NewEmotionAlarm";
				SWIFT_EMIT_LOC_STRINGS = YES;
				SWIFT_VERSION = 5.0;
				TARGETED_DEVICE_FAMILY = "1,2";
			};
			name = Release;
		};
/* End XCBuildConfiguration section */

/* Begin XCConfigurationList section */
		69C0BA1F2C13661200BA0B35 /* Build configuration list for PBXProject "NewEmotionAlarm" */ = {
			isa = XCConfigurationList;
			buildConfigurations = (
				69C0BA302C13661500BA0B35 /* Debug */,
				69C0BA312C13661500BA0B35 /* Release */,
			);
			defaultConfigurationIsVisible = 0;
			defaultConfigurationName = Release;
		};
		69C0BA322C13661500BA0B35 /* Build configuration list for PBXNativeTarget "NewEmotionAlarm" */ = {
			isa = XCConfigurationList;
			buildConfigurations = (
				69C0BA332C13661500BA0B35 /* Debug */,
				69C0BA342C13661500BA0B35 /* Release */,
			);
			defaultConfigurationIsVisible = 0;
			defaultConfigurationName = Release;
		};
/* End XCConfigurationList section */
	};
	rootObject = 69C0BA1C2C13661200BA0B35 /* Project object */;
}
